// !$*UTF8*$!
{
	archiveVersion = 1;
	classes = {
	};
	objectVersion = 46;
	objects = {

/* Begin PBXBuildFile section */
		67F03652E2861CA940B223D5 /* Pods_ios_googlecalendar_demo.framework in Frameworks */ = {isa = PBXBuildFile; fileRef = 8662A6F6E8B1C051FA95079F /* Pods_ios_googlecalendar_demo.framework */; };
		B1A89F473F5E01AC3D1ED7BB /* Pods_ios_googlecalendar_demoTests.framework in Frameworks */ = {isa = PBXBuildFile; fileRef = 470F952854E081607F5A068C /* Pods_ios_googlecalendar_demoTests.framework */; };
		BC1403771EA079DF0066D0B9 /* ios_googlecalendar_demoTests.swift in Sources */ = {isa = PBXBuildFile; fileRef = BC1403761EA079DF0066D0B9 /* ios_googlecalendar_demoTests.swift */; };
		BC14038C1EA07A830066D0B9 /* Main.storyboard in Resources */ = {isa = PBXBuildFile; fileRef = BC1403821EA07A830066D0B9 /* Main.storyboard */; };
		BC14038D1EA07A830066D0B9 /* ViewController.swift in Sources */ = {isa = PBXBuildFile; fileRef = BC1403841EA07A830066D0B9 /* ViewController.swift */; };
		BC14038E1EA07A830066D0B9 /* GoogleCalendarHelper.swift in Sources */ = {isa = PBXBuildFile; fileRef = BC1403861EA07A830066D0B9 /* GoogleCalendarHelper.swift */; };
		BC14038F1EA07A830066D0B9 /* AppDelegate.swift in Sources */ = {isa = PBXBuildFile; fileRef = BC1403881EA07A830066D0B9 /* AppDelegate.swift */; };
		BC1403901EA07A830066D0B9 /* Assets.xcassets in Resources */ = {isa = PBXBuildFile; fileRef = BC1403891EA07A830066D0B9 /* Assets.xcassets */; };
		BC1403911EA07A830066D0B9 /* LaunchScreen.storyboard in Resources */ = {isa = PBXBuildFile; fileRef = BC14038A1EA07A830066D0B9 /* LaunchScreen.storyboard */; };
/* End PBXBuildFile section */

/* Begin PBXContainerItemProxy section */
		BC1403731EA079DF0066D0B9 /* PBXContainerItemProxy */ = {
			isa = PBXContainerItemProxy;
			containerPortal = BC1403561EA079DF0066D0B9 /* Project object */;
			proxyType = 1;
			remoteGlobalIDString = BC14035D1EA079DF0066D0B9;
			remoteInfo = "ios-googlecalendar-demo";
		};
/* End PBXContainerItemProxy section */

/* Begin PBXFileReference section */
		470F952854E081607F5A068C /* Pods_ios_googlecalendar_demoTests.framework */ = {isa = PBXFileReference; explicitFileType = wrapper.framework; includeInIndex = 0; path = Pods_ios_googlecalendar_demoTests.framework; sourceTree = BUILT_PRODUCTS_DIR; };
		62592FD80FE367DF17A97825 /* Pods-ios-googlecalendar-demoTests.debug.xcconfig */ = {isa = PBXFileReference; includeInIndex = 1; lastKnownFileType = text.xcconfig; name = "Pods-ios-googlecalendar-demoTests.debug.xcconfig"; path = "Pods/Target Support Files/Pods-ios-googlecalendar-demoTests/Pods-ios-googlecalendar-demoTests.debug.xcconfig"; sourceTree = "<group>"; };
		8662A6F6E8B1C051FA95079F /* Pods_ios_googlecalendar_demo.framework */ = {isa = PBXFileReference; explicitFileType = wrapper.framework; includeInIndex = 0; path = Pods_ios_googlecalendar_demo.framework; sourceTree = BUILT_PRODUCTS_DIR; };
		BAFC955EC13DE0460C266520 /* Pods-ios-googlecalendar-demo.release.xcconfig */ = {isa = PBXFileReference; includeInIndex = 1; lastKnownFileType = text.xcconfig; name = "Pods-ios-googlecalendar-demo.release.xcconfig"; path = "Pods/Target Support Files/Pods-ios-googlecalendar-demo/Pods-ios-googlecalendar-demo.release.xcconfig"; sourceTree = "<group>"; };
		BC14035E1EA079DF0066D0B9 /* ios-googlecalendar-demo.app */ = {isa = PBXFileReference; explicitFileType = wrapper.application; includeInIndex = 0; path = "ios-googlecalendar-demo.app"; sourceTree = BUILT_PRODUCTS_DIR; };
		BC14036D1EA079DF0066D0B9 /* Info.plist */ = {isa = PBXFileReference; lastKnownFileType = text.plist.xml; path = Info.plist; sourceTree = "<group>"; };
		BC1403721EA079DF0066D0B9 /* ios-googlecalendar-demoTests.xctest */ = {isa = PBXFileReference; explicitFileType = wrapper.cfbundle; includeInIndex = 0; path = "ios-googlecalendar-demoTests.xctest"; sourceTree = BUILT_PRODUCTS_DIR; };
		BC1403761EA079DF0066D0B9 /* ios_googlecalendar_demoTests.swift */ = {isa = PBXFileReference; lastKnownFileType = sourcecode.swift; path = ios_googlecalendar_demoTests.swift; sourceTree = "<group>"; };
		BC1403781EA079DF0066D0B9 /* Info.plist */ = {isa = PBXFileReference; lastKnownFileType = text.plist.xml; path = Info.plist; sourceTree = "<group>"; };
		BC1403831EA07A830066D0B9 /* Base */ = {isa = PBXFileReference; lastKnownFileType = file.storyboard; name = Base; path = Base.lproj/Main.storyboard; sourceTree = "<group>"; };
		BC1403841EA07A830066D0B9 /* ViewController.swift */ = {isa = PBXFileReference; fileEncoding = 4; lastKnownFileType = sourcecode.swift; path = ViewController.swift; sourceTree = "<group>"; };
		BC1403861EA07A830066D0B9 /* GoogleCalendarHelper.swift */ = {isa = PBXFileReference; fileEncoding = 4; lastKnownFileType = sourcecode.swift; path = GoogleCalendarHelper.swift; sourceTree = "<group>"; };
		BC1403881EA07A830066D0B9 /* AppDelegate.swift */ = {isa = PBXFileReference; fileEncoding = 4; lastKnownFileType = sourcecode.swift; path = AppDelegate.swift; sourceTree = "<group>"; };
		BC1403891EA07A830066D0B9 /* Assets.xcassets */ = {isa = PBXFileReference; lastKnownFileType = folder.assetcatalog; path = Assets.xcassets; sourceTree = "<group>"; };
		BC14038B1EA07A830066D0B9 /* Base */ = {isa = PBXFileReference; lastKnownFileType = file.storyboard; name = Base; path = Base.lproj/LaunchScreen.storyboard; sourceTree = "<group>"; };
		D26841DCA70167AA720D0571 /* Pods-ios-googlecalendar-demo.debug.xcconfig */ = {isa = PBXFileReference; includeInIndex = 1; lastKnownFileType = text.xcconfig; name = "Pods-ios-googlecalendar-demo.debug.xcconfig"; path = "Pods/Target Support Files/Pods-ios-googlecalendar-demo/Pods-ios-googlecalendar-demo.debug.xcconfig"; sourceTree = "<group>"; };
		F3EC2382E5E39DE4EB80655C /* Pods-ios-googlecalendar-demoTests.release.xcconfig */ = {isa = PBXFileReference; includeInIndex = 1; lastKnownFileType = text.xcconfig; name = "Pods-ios-googlecalendar-demoTests.release.xcconfig"; path = "Pods/Target Support Files/Pods-ios-googlecalendar-demoTests/Pods-ios-googlecalendar-demoTests.release.xcconfig"; sourceTree = "<group>"; };
/* End PBXFileReference section */

/* Begin PBXFrameworksBuildPhase section */
		BC14035B1EA079DF0066D0B9 /* Frameworks */ = {
			isa = PBXFrameworksBuildPhase;
			buildActionMask = 2147483647;
			files = (
				67F03652E2861CA940B223D5 /* Pods_ios_googlecalendar_demo.framework in Frameworks */,
			);
			runOnlyForDeploymentPostprocessing = 0;
		};
		BC14036F1EA079DF0066D0B9 /* Frameworks */ = {
			isa = PBXFrameworksBuildPhase;
			buildActionMask = 2147483647;
			files = (
				B1A89F473F5E01AC3D1ED7BB /* Pods_ios_googlecalendar_demoTests.framework in Frameworks */,
			);
			runOnlyForDeploymentPostprocessing = 0;
		};
/* End PBXFrameworksBuildPhase section */

/* Begin PBXGroup section */
		026415B76FC92092F6605F56 /* Pods */ = {
			isa = PBXGroup;
			children = (
				D26841DCA70167AA720D0571 /* Pods-ios-googlecalendar-demo.debug.xcconfig */,
				BAFC955EC13DE0460C266520 /* Pods-ios-googlecalendar-demo.release.xcconfig */,
				62592FD80FE367DF17A97825 /* Pods-ios-googlecalendar-demoTests.debug.xcconfig */,
				F3EC2382E5E39DE4EB80655C /* Pods-ios-googlecalendar-demoTests.release.xcconfig */,
			);
			name = Pods;
			sourceTree = "<group>";
		};
		5222FBA5CACE08F104470F86 /* Frameworks */ = {
			isa = PBXGroup;
			children = (
				8662A6F6E8B1C051FA95079F /* Pods_ios_googlecalendar_demo.framework */,
				470F952854E081607F5A068C /* Pods_ios_googlecalendar_demoTests.framework */,
			);
			name = Frameworks;
			sourceTree = "<group>";
		};
		BC1403551EA079DF0066D0B9 = {
			isa = PBXGroup;
			children = (
				BC1403601EA079DF0066D0B9 /* ios-googlecalendar-demo */,
				BC1403751EA079DF0066D0B9 /* ios-googlecalendar-demoTests */,
				BC14035F1EA079DF0066D0B9 /* Products */,
				026415B76FC92092F6605F56 /* Pods */,
				5222FBA5CACE08F104470F86 /* Frameworks */,
			);
			sourceTree = "<group>";
		};
		BC14035F1EA079DF0066D0B9 /* Products */ = {
			isa = PBXGroup;
			children = (
				BC14035E1EA079DF0066D0B9 /* ios-googlecalendar-demo.app */,
				BC1403721EA079DF0066D0B9 /* ios-googlecalendar-demoTests.xctest */,
			);
			name = Products;
			sourceTree = "<group>";
		};
		BC1403601EA079DF0066D0B9 /* ios-googlecalendar-demo */ = {
			isa = PBXGroup;
			children = (
				BC1403811EA07A830066D0B9 /* Cotrollers */,
				BC1403851EA07A830066D0B9 /* Helpers */,
				BC1403871EA07A830066D0B9 /* Others */,
				BC14036D1EA079DF0066D0B9 /* Info.plist */,
			);
			path = "ios-googlecalendar-demo";
			sourceTree = "<group>";
		};
		BC1403751EA079DF0066D0B9 /* ios-googlecalendar-demoTests */ = {
			isa = PBXGroup;
			children = (
				BC1403761EA079DF0066D0B9 /* ios_googlecalendar_demoTests.swift */,
				BC1403781EA079DF0066D0B9 /* Info.plist */,
			);
			path = "ios-googlecalendar-demoTests";
			sourceTree = "<group>";
		};
		BC1403811EA07A830066D0B9 /* Cotrollers */ = {
			isa = PBXGroup;
			children = (
				BC1403821EA07A830066D0B9 /* Main.storyboard */,
				BC1403841EA07A830066D0B9 /* ViewController.swift */,
			);
			path = Cotrollers;
			sourceTree = "<group>";
		};
		BC1403851EA07A830066D0B9 /* Helpers */ = {
			isa = PBXGroup;
			children = (
				BC1403861EA07A830066D0B9 /* GoogleCalendarHelper.swift */,
			);
			path = Helpers;
			sourceTree = "<group>";
		};
		BC1403871EA07A830066D0B9 /* Others */ = {
			isa = PBXGroup;
			children = (
				BC1403881EA07A830066D0B9 /* AppDelegate.swift */,
				BC1403891EA07A830066D0B9 /* Assets.xcassets */,
				BC14038A1EA07A830066D0B9 /* LaunchScreen.storyboard */,
			);
			path = Others;
			sourceTree = "<group>";
		};
/* End PBXGroup section */

/* Begin PBXNativeTarget section */
		BC14035D1EA079DF0066D0B9 /* ios-googlecalendar-demo */ = {
			isa = PBXNativeTarget;
			buildConfigurationList = BC14037B1EA079DF0066D0B9 /* Build configuration list for PBXNativeTarget "ios-googlecalendar-demo" */;
			buildPhases = (
				779980D952E651940B3D1EA8 /* [CP] Check Pods Manifest.lock */,
				BC14035A1EA079DF0066D0B9 /* Sources */,
				BC14035B1EA079DF0066D0B9 /* Frameworks */,
				BC14035C1EA079DF0066D0B9 /* Resources */,
				E7626C04D05F4F5E5A9653DA /* [CP] Embed Pods Frameworks */,
				12B76050D98B22977C449064 /* [CP] Copy Pods Resources */,
			);
			buildRules = (
			);
			dependencies = (
			);
			name = "ios-googlecalendar-demo";
			productName = "ios-googlecalendar-demo";
			productReference = BC14035E1EA079DF0066D0B9 /* ios-googlecalendar-demo.app */;
			productType = "com.apple.product-type.application";
		};
		BC1403711EA079DF0066D0B9 /* ios-googlecalendar-demoTests */ = {
			isa = PBXNativeTarget;
			buildConfigurationList = BC14037E1EA079DF0066D0B9 /* Build configuration list for PBXNativeTarget "ios-googlecalendar-demoTests" */;
			buildPhases = (
				71B64B3FBAE0AF7821DB84E2 /* [CP] Check Pods Manifest.lock */,
				BC14036E1EA079DF0066D0B9 /* Sources */,
				BC14036F1EA079DF0066D0B9 /* Frameworks */,
				BC1403701EA079DF0066D0B9 /* Resources */,
				F360FA02D62369A823C21FC2 /* [CP] Embed Pods Frameworks */,
				4B7C9383F19C906B0AC16573 /* [CP] Copy Pods Resources */,
			);
			buildRules = (
			);
			dependencies = (
				BC1403741EA079DF0066D0B9 /* PBXTargetDependency */,
			);
			name = "ios-googlecalendar-demoTests";
			productName = "ios-googlecalendar-demoTests";
			productReference = BC1403721EA079DF0066D0B9 /* ios-googlecalendar-demoTests.xctest */;
			productType = "com.apple.product-type.bundle.unit-test";
		};
/* End PBXNativeTarget section */

/* Begin PBXProject section */
		BC1403561EA079DF0066D0B9 /* Project object */ = {
			isa = PBXProject;
			attributes = {
				LastSwiftUpdateCheck = 0830;
				LastUpgradeCheck = 0830;
				ORGANIZATIONNAME = "Eiji Kushida";
				TargetAttributes = {
					BC14035D1EA079DF0066D0B9 = {
						CreatedOnToolsVersion = 8.3.1;
						ProvisioningStyle = Automatic;
					};
					BC1403711EA079DF0066D0B9 = {
						CreatedOnToolsVersion = 8.3.1;
						ProvisioningStyle = Automatic;
						TestTargetID = BC14035D1EA079DF0066D0B9;
					};
				};
			};
			buildConfigurationList = BC1403591EA079DF0066D0B9 /* Build configuration list for PBXProject "ios-googlecalendar-demo" */;
			compatibilityVersion = "Xcode 3.2";
			developmentRegion = English;
			hasScannedForEncodings = 0;
			knownRegions = (
				en,
				Base,
			);
			mainGroup = BC1403551EA079DF0066D0B9;
			productRefGroup = BC14035F1EA079DF0066D0B9 /* Products */;
			projectDirPath = "";
			projectRoot = "";
			targets = (
				BC14035D1EA079DF0066D0B9 /* ios-googlecalendar-demo */,
				BC1403711EA079DF0066D0B9 /* ios-googlecalendar-demoTests */,
			);
		};
/* End PBXProject section */

/* Begin PBXResourcesBuildPhase section */
		BC14035C1EA079DF0066D0B9 /* Resources */ = {
			isa = PBXResourcesBuildPhase;
			buildActionMask = 2147483647;
			files = (
				BC1403911EA07A830066D0B9 /* LaunchScreen.storyboard in Resources */,
				BC1403901EA07A830066D0B9 /* Assets.xcassets in Resources */,
				BC14038C1EA07A830066D0B9 /* Main.storyboard in Resources */,
			);
			runOnlyForDeploymentPostprocessing = 0;
		};
		BC1403701EA079DF0066D0B9 /* Resources */ = {
			isa = PBXResourcesBuildPhase;
			buildActionMask = 2147483647;
			files = (
			);
			runOnlyForDeploymentPostprocessing = 0;
		};
/* End PBXResourcesBuildPhase section */

/* Begin PBXShellScriptBuildPhase section */
		12B76050D98B22977C449064 /* [CP] Copy Pods Resources */ = {
			isa = PBXShellScriptBuildPhase;
			buildActionMask = 2147483647;
			files = (
			);
			inputPaths = (
			);
			name = "[CP] Copy Pods Resources";
			outputPaths = (
			);
			runOnlyForDeploymentPostprocessing = 0;
			shellPath = /bin/sh;
			shellScript = "\"${SRCROOT}/Pods/Target Support Files/Pods-ios-googlecalendar-demo/Pods-ios-googlecalendar-demo-resources.sh\"\n";
			showEnvVarsInLog = 0;
		};
		4B7C9383F19C906B0AC16573 /* [CP] Copy Pods Resources */ = {
			isa = PBXShellScriptBuildPhase;
			buildActionMask = 2147483647;
			files = (
			);
			inputPaths = (
			);
			name = "[CP] Copy Pods Resources";
			outputPaths = (
			);
			runOnlyForDeploymentPostprocessing = 0;
			shellPath = /bin/sh;
			shellScript = "\"${SRCROOT}/Pods/Target Support Files/Pods-ios-googlecalendar-demoTests/Pods-ios-googlecalendar-demoTests-resources.sh\"\n";
			showEnvVarsInLog = 0;
		};
		71B64B3FBAE0AF7821DB84E2 /* [CP] Check Pods Manifest.lock */ = {
			isa = PBXShellScriptBuildPhase;
			buildActionMask = 2147483647;
			files = (
			);
			inputPaths = (
			);
			name = "[CP] Check Pods Manifest.lock";
			outputPaths = (
			);
			runOnlyForDeploymentPostprocessing = 0;
			shellPath = /bin/sh;
			shellScript = "diff \"${PODS_ROOT}/../Podfile.lock\" \"${PODS_ROOT}/Manifest.lock\" > /dev/null\nif [ $? != 0 ] ; then\n    # print error to STDERR\n    echo \"error: The sandbox is not in sync with the Podfile.lock. Run 'pod install' or update your CocoaPods installation.\" >&2\n    exit 1\nfi\n";
			showEnvVarsInLog = 0;
		};
		779980D952E651940B3D1EA8 /* [CP] Check Pods Manifest.lock */ = {
			isa = PBXShellScriptBuildPhase;
			buildActionMask = 2147483647;
			files = (
			);
			inputPaths = (
			);
			name = "[CP] Check Pods Manifest.lock";
			outputPaths = (
			);
			runOnlyForDeploymentPostprocessing = 0;
			shellPath = /bin/sh;
			shellScript = "diff \"${PODS_ROOT}/../Podfile.lock\" \"${PODS_ROOT}/Manifest.lock\" > /dev/null\nif [ $? != 0 ] ; then\n    # print error to STDERR\n    echo \"error: The sandbox is not in sync with the Podfile.lock. Run 'pod install' or update your CocoaPods installation.\" >&2\n    exit 1\nfi\n";
			showEnvVarsInLog = 0;
		};
		E7626C04D05F4F5E5A9653DA /* [CP] Embed Pods Frameworks */ = {
			isa = PBXShellScriptBuildPhase;
			buildActionMask = 2147483647;
			files = (
			);
			inputPaths = (
			);
			name = "[CP] Embed Pods Frameworks";
			outputPaths = (
			);
			runOnlyForDeploymentPostprocessing = 0;
			shellPath = /bin/sh;
			shellScript = "\"${SRCROOT}/Pods/Target Support Files/Pods-ios-googlecalendar-demo/Pods-ios-googlecalendar-demo-frameworks.sh\"\n";
			showEnvVarsInLog = 0;
		};
		F360FA02D62369A823C21FC2 /* [CP] Embed Pods Frameworks */ = {
			isa = PBXShellScriptBuildPhase;
			buildActionMask = 2147483647;
			files = (
			);
			inputPaths = (
			);
			name = "[CP] Embed Pods Frameworks";
			outputPaths = (
			);
			runOnlyForDeploymentPostprocessing = 0;
			shellPath = /bin/sh;
			shellScript = "\"${SRCROOT}/Pods/Target Support Files/Pods-ios-googlecalendar-demoTests/Pods-ios-googlecalendar-demoTests-frameworks.sh\"\n";
			showEnvVarsInLog = 0;
		};
/* End PBXShellScriptBuildPhase section */

/* Begin PBXSourcesBuildPhase section */
		BC14035A1EA079DF0066D0B9 /* Sources */ = {
			isa = PBXSourcesBuildPhase;
			buildActionMask = 2147483647;
			files = (
				BC14038F1EA07A830066D0B9 /* AppDelegate.swift in Sources */,
				BC14038E1EA07A830066D0B9 /* GoogleCalendarHelper.swift in Sources */,
				BC14038D1EA07A830066D0B9 /* ViewController.swift in Sources */,
			);
			runOnlyForDeploymentPostprocessing = 0;
		};
		BC14036E1EA079DF0066D0B9 /* Sources */ = {
			isa = PBXSourcesBuildPhase;
			buildActionMask = 2147483647;
			files = (
				BC1403771EA079DF0066D0B9 /* ios_googlecalendar_demoTests.swift in Sources */,
			);
			runOnlyForDeploymentPostprocessing = 0;
		};
/* End PBXSourcesBuildPhase section */

/* Begin PBXTargetDependency section */
		BC1403741EA079DF0066D0B9 /* PBXTargetDependency */ = {
			isa = PBXTargetDependency;
			target = BC14035D1EA079DF0066D0B9 /* ios-googlecalendar-demo */;
			targetProxy = BC1403731EA079DF0066D0B9 /* PBXContainerItemProxy */;
		};
/* End PBXTargetDependency section */

/* Begin PBXVariantGroup section */
		BC1403821EA07A830066D0B9 /* Main.storyboard */ = {
			isa = PBXVariantGroup;
			children = (
				BC1403831EA07A830066D0B9 /* Base */,
			);
			name = Main.storyboard;
			sourceTree = "<group>";
		};
		BC14038A1EA07A830066D0B9 /* LaunchScreen.storyboard */ = {
			isa = PBXVariantGroup;
			children = (
				BC14038B1EA07A830066D0B9 /* Base */,
			);
			name = LaunchScreen.storyboard;
			sourceTree = "<group>";
		};
/* End PBXVariantGroup section */

/* Begin XCBuildConfiguration section */
		BC1403791EA079DF0066D0B9 /* Debug */ = {
			isa = XCBuildConfiguration;
			buildSettings = {
				ALWAYS_SEARCH_USER_PATHS = NO;
				CLANG_ANALYZER_NONNULL = YES;
				CLANG_ANALYZER_NUMBER_OBJECT_CONVERSION = YES_AGGRESSIVE;
				CLANG_CXX_LANGUAGE_STANDARD = "gnu++0x";
				CLANG_CXX_LIBRARY = "libc++";
				CLANG_ENABLE_MODULES = YES;
				CLANG_ENABLE_OBJC_ARC = YES;
				CLANG_WARN_BOOL_CONVERSION = YES;
				CLANG_WARN_CONSTANT_CONVERSION = YES;
				CLANG_WARN_DIRECT_OBJC_ISA_USAGE = YES_ERROR;
				CLANG_WARN_DOCUMENTATION_COMMENTS = YES;
				CLANG_WARN_EMPTY_BODY = YES;
				CLANG_WARN_ENUM_CONVERSION = YES;
				CLANG_WARN_INFINITE_RECURSION = YES;
				CLANG_WARN_INT_CONVERSION = YES;
				CLANG_WARN_OBJC_ROOT_CLASS = YES_ERROR;
				CLANG_WARN_SUSPICIOUS_MOVE = YES;
				CLANG_WARN_UNREACHABLE_CODE = YES;
				CLANG_WARN__DUPLICATE_METHOD_MATCH = YES;
				"CODE_SIGN_IDENTITY[sdk=iphoneos*]" = "iPhone Developer";
				COPY_PHASE_STRIP = NO;
				DEBUG_INFORMATION_FORMAT = dwarf;
				ENABLE_STRICT_OBJC_MSGSEND = YES;
				ENABLE_TESTABILITY = YES;
				GCC_C_LANGUAGE_STANDARD = gnu99;
				GCC_DYNAMIC_NO_PIC = NO;
				GCC_NO_COMMON_BLOCKS = YES;
				GCC_OPTIMIZATION_LEVEL = 0;
				GCC_PREPROCESSOR_DEFINITIONS = (
					"DEBUG=1",
					"$(inherited)",
				);
				GCC_WARN_64_TO_32_BIT_CONVERSION = YES;
				GCC_WARN_ABOUT_RETURN_TYPE = YES_ERROR;
				GCC_WARN_UNDECLARED_SELECTOR = YES;
				GCC_WARN_UNINITIALIZED_AUTOS = YES_AGGRESSIVE;
				GCC_WARN_UNUSED_FUNCTION = YES;
				GCC_WARN_UNUSED_VARIABLE = YES;
				IPHONEOS_DEPLOYMENT_TARGET = 10.3;
				MTL_ENABLE_DEBUG_INFO = YES;
				ONLY_ACTIVE_ARCH = YES;
				SDKROOT = iphoneos;
				SWIFT_ACTIVE_COMPILATION_CONDITIONS = DEBUG;
				SWIFT_OPTIMIZATION_LEVEL = "-Onone";
			};
			name = Debug;
		};
		BC14037A1EA079DF0066D0B9 /* Release */ = {
			isa = XCBuildConfiguration;
			buildSettings = {
				ALWAYS_SEARCH_USER_PATHS = NO;
				CLANG_ANALYZER_NONNULL = YES;
				CLANG_ANALYZER_NUMBER_OBJECT_CONVERSION = YES_AGGRESSIVE;
				CLANG_CXX_LANGUAGE_STANDARD = "gnu++0x";
				CLANG_CXX_LIBRARY = "libc++";
				CLANG_ENABLE_MODULES = YES;
				CLANG_ENABLE_OBJC_ARC = YES;
				CLANG_WARN_BOOL_CONVERSION = YES;
				CLANG_WARN_CONSTANT_CONVERSION = YES;
				CLANG_WARN_DIRECT_OBJC_ISA_USAGE = YES_ERROR;
				CLANG_WARN_DOCUMENTATION_COMMENTS = YES;
				CLANG_WARN_EMPTY_BODY = YES;
				CLANG_WARN_ENUM_CONVERSION = YES;
				CLANG_WARN_INFINITE_RECURSION = YES;
				CLANG_WARN_INT_CONVERSION = YES;
				CLANG_WARN_OBJC_ROOT_CLASS = YES_ERROR;
				CLANG_WARN_SUSPICIOUS_MOVE = YES;
				CLANG_WARN_UNREACHABLE_CODE = YES;
				CLANG_WARN__DUPLICATE_METHOD_MATCH = YES;
				"CODE_SIGN_IDENTITY[sdk=iphoneos*]" = "iPhone Developer";
				COPY_PHASE_STRIP = NO;
				DEBUG_INFORMATION_FORMAT = "dwarf-with-dsym";
				ENABLE_NS_ASSERTIONS = NO;
				ENABLE_STRICT_OBJC_MSGSEND = YES;
				GCC_C_LANGUAGE_STANDARD = gnu99;
				GCC_NO_COMMON_BLOCKS = YES;
				GCC_WARN_64_TO_32_BIT_CONVERSION = YES;
				GCC_WARN_ABOUT_RETURN_TYPE = YES_ERROR;
				GCC_WARN_UNDECLARED_SELECTOR = YES;
				GCC_WARN_UNINITIALIZED_AUTOS = YES_AGGRESSIVE;
				GCC_WARN_UNUSED_FUNCTION = YES;
				GCC_WARN_UNUSED_VARIABLE = YES;
				IPHONEOS_DEPLOYMENT_TARGET = 10.3;
				MTL_ENABLE_DEBUG_INFO = NO;
				SDKROOT = iphoneos;
				SWIFT_OPTIMIZATION_LEVEL = "-Owholemodule";
				VALIDATE_PRODUCT = YES;
			};
			name = Release;
		};
		BC14037C1EA079DF0066D0B9 /* Debug */ = {
			isa = XCBuildConfiguration;
			baseConfigurationReference = D26841DCA70167AA720D0571 /* Pods-ios-googlecalendar-demo.debug.xcconfig */;
			buildSettings = {
				ASSETCATALOG_COMPILER_APPICON_NAME = AppIcon;
				INFOPLIST_FILE = "ios-googlecalendar-demo/Info.plist";
				LD_RUNPATH_SEARCH_PATHS = "$(inherited) @executable_path/Frameworks";
				PRODUCT_BUNDLE_IDENTIFIER = "jp.st-ventures.ios-googlecalendar-demo";
				PRODUCT_NAME = "$(TARGET_NAME)";
				SWIFT_VERSION = 3.0;
			};
			name = Debug;
		};
		BC14037D1EA079DF0066D0B9 /* Release */ = {
			isa = XCBuildConfiguration;
			baseConfigurationReference = BAFC955EC13DE0460C266520 /* Pods-ios-googlecalendar-demo.release.xcconfig */;
			buildSettings = {
				ASSETCATALOG_COMPILER_APPICON_NAME = AppIcon;
				INFOPLIST_FILE = "ios-googlecalendar-demo/Info.plist";
				LD_RUNPATH_SEARCH_PATHS = "$(inherited) @executable_path/Frameworks";
				PRODUCT_BUNDLE_IDENTIFIER = "jp.st-ventures.ios-googlecalendar-demo";
				PRODUCT_NAME = "$(TARGET_NAME)";
				SWIFT_VERSION = 3.0;
			};
			name = Release;
		};
		BC14037F1EA079DF0066D0B9 /* Debug */ = {
			isa = XCBuildConfiguration;
			baseConfigurationReference = 62592FD80FE367DF17A97825 /* Pods-ios-googlecalendar-demoTests.debug.xcconfig */;
			buildSettings = {
				ALWAYS_EMBED_SWIFT_STANDARD_LIBRARIES = YES;
				BUNDLE_LOADER = "$(TEST_HOST)";
				INFOPLIST_FILE = "ios-googlecalendar-demoTests/Info.plist";
				LD_RUNPATH_SEARCH_PATHS = "$(inherited) @executable_path/Frameworks @loader_path/Frameworks";
				PRODUCT_BUNDLE_IDENTIFIER = "jp.st-ventures.ios-googlecalendar-demoTests";
				PRODUCT_NAME = "$(TARGET_NAME)";
				SWIFT_VERSION = 3.0;
				TEST_HOST = "$(BUILT_PRODUCTS_DIR)/ios-googlecalendar-demo.app/ios-googlecalendar-demo";
			};
			name = Debug;
		};
		BC1403801EA079DF0066D0B9 /* Release */ = {
			isa = XCBuildConfiguration;
			baseConfigurationReference = F3EC2382E5E39DE4EB80655C /* Pods-ios-googlecalendar-demoTests.release.xcconfig */;
			buildSettings = {
				ALWAYS_EMBED_SWIFT_STANDARD_LIBRARIES = YES;
				BUNDLE_LOADER = "$(TEST_HOST)";
				INFOPLIST_FILE = "ios-googlecalendar-demoTests/Info.plist";
				LD_RUNPATH_SEARCH_PATHS = "$(inherited) @executable_path/Frameworks @loader_path/Frameworks";
				PRODUCT_BUNDLE_IDENTIFIER = "jp.st-ventures.ios-googlecalendar-demoTests";
				PRODUCT_NAME = "$(TARGET_NAME)";
				SWIFT_VERSION = 3.0;
				TEST_HOST = "$(BUILT_PRODUCTS_DIR)/ios-googlecalendar-demo.app/ios-googlecalendar-demo";
			};
			name = Release;
		};
/* End XCBuildConfiguration section */

/* Begin XCConfigurationList section */
		BC1403591EA079DF0066D0B9 /* Build configuration list for PBXProject "ios-googlecalendar-demo" */ = {
			isa = XCConfigurationList;
			buildConfigurations = (
				BC1403791EA079DF0066D0B9 /* Debug */,
				BC14037A1EA079DF0066D0B9 /* Release */,
			);
			defaultConfigurationIsVisible = 0;
			defaultConfigurationName = Release;
		};
		BC14037B1EA079DF0066D0B9 /* Build configuration list for PBXNativeTarget "ios-googlecalendar-demo" */ = {
			isa = XCConfigurationList;
			buildConfigurations = (
				BC14037C1EA079DF0066D0B9 /* Debug */,
				BC14037D1EA079DF0066D0B9 /* Release */,
			);
			defaultConfigurationIsVisible = 0;
			defaultConfigurationName = Release;
		};
		BC14037E1EA079DF0066D0B9 /* Build configuration list for PBXNativeTarget "ios-googlecalendar-demoTests" */ = {
			isa = XCConfigurationList;
			buildConfigurations = (
				BC14037F1EA079DF0066D0B9 /* Debug */,
				BC1403801EA079DF0066D0B9 /* Release */,
			);
			defaultConfigurationIsVisible = 0;
			defaultConfigurationName = Release;
		};
/* End XCConfigurationList section */
	};
	rootObject = BC1403561EA079DF0066D0B9 /* Project object */;
}
